# This file was autogenerated by Stack.
# You should not edit this file by hand.
# For more information, please see the documentation at:
#   https://docs.haskellstack.org/en/stable/lock_files

packages:
- completed:
    hackage: soxlib-0.0.3.1@sha256:77bb216032bb9cb63362b1afb1545223ad9c7e19c7bdb0b3854c616cdb440354,1895
    pantry-tree:
      size: 398
      sha256: 9d973beb6e65a08ed5918cbb3aacae168d1f2dbfff88b6624f6486ecfcd9ab87
  original:
    hackage: soxlib-0.0.3.1
snapshots:
- completed:
    size: 531707
    url: https://raw.githubusercontent.com/commercialhaskell/stackage-snapshots/master/lts/16/5.yaml
    sha256: 9751e25e0af5713a53ddcfcc79564b082c71b1b357fadef0d85672a5b5ba3703
  original: lts-16.5
