# This file was autogenerated by Stack.
# You should not edit this file by hand.
# For more information, please see the documentation at:
#   https://docs.haskellstack.org/en/stable/lock_files

packages:
- completed:
    hackage: soxlib-0.0.3.2@sha256:1dfb34360e9c9e6e2b0570f39bb0c8c7af74a76fe4b6a6d52d223564a9389c72,1987
    pantry-tree:
      sha256: 3a5f1d9568a162fb33d343d53ed9229e1bd9027d09d7f3eb9828acda38b7aee5
      size: 464
  original:
    hackage: soxlib-0.0.3.2
- completed:
    hackage: MemoTrie-0.6.11@sha256:edda47de940a047237c395a85ac3216db6d25888002293853d7eebd01beb5da6,1516
    pantry-tree:
      sha256: 38df5299ea29682697353800ff19a014c0b92ac436d939d1b62755f764a1b40f
      size: 274
  original:
    hackage: MemoTrie-0.6.11
snapshots:
- completed:
    sha256: a81fb3877c4f9031e1325eb3935122e608d80715dc16b586eb11ddbff8671ecd
    size: 640086
    url: https://raw.githubusercontent.com/commercialhaskell/stackage-snapshots/master/lts/21/25.yaml
  original: lts-21.25
